// !$*UTF8*$!
{
	archiveVersion = 1;
	classes = {
	};
	objectVersion = 50;
	objects = {

/* Begin PBXBuildFile section */
		A5560BF7235ABA5C004FFE72 /* AppDelegate.swift in Sources */ = {isa = PBXBuildFile; fileRef = A5560BF6235ABA5C004FFE72 /* AppDelegate.swift */; };
		A5560BF9235ABA5C004FFE72 /* SceneDelegate.swift in Sources */ = {isa = PBXBuildFile; fileRef = A5560BF8235ABA5C004FFE72 /* SceneDelegate.swift */; };
		A5560BFB235ABA5C004FFE72 /* ViewController.swift in Sources */ = {isa = PBXBuildFile; fileRef = A5560BFA235ABA5C004FFE72 /* ViewController.swift */; };
		A5560BFE235ABA5C004FFE72 /* Main.storyboard in Resources */ = {isa = PBXBuildFile; fileRef = A5560BFC235ABA5C004FFE72 /* Main.storyboard */; };
		A5560C00235ABA70004FFE72 /* Assets.xcassets in Resources */ = {isa = PBXBuildFile; fileRef = A5560BFF235ABA70004FFE72 /* Assets.xcassets */; };
		A5560C03235ABA71004FFE72 /* LaunchScreen.storyboard in Resources */ = {isa = PBXBuildFile; fileRef = A5560C01235ABA71004FFE72 /* LaunchScreen.storyboard */; };
		A5DDD4D0235ACE5B00974328 /* MyTabbarController.swift in Sources */ = {isa = PBXBuildFile; fileRef = A5DDD4CF235ACE5B00974328 /* MyTabbarController.swift */; };
		A5DDD4D2235AD22300974328 /* FourthViewController.swift in Sources */ = {isa = PBXBuildFile; fileRef = A5DDD4D1235AD22300974328 /* FourthViewController.swift */; };
/* End PBXBuildFile section */

/* Begin PBXFileReference section */
		A5560BF3235ABA5C004FFE72 /* MyTabbar.app */ = {isa = PBXFileReference; explicitFileType = wrapper.application; includeInIndex = 0; path = MyTabbar.app; sourceTree = BUILT_PRODUCTS_DIR; };
		A5560BF6235ABA5C004FFE72 /* AppDelegate.swift */ = {isa = PBXFileReference; lastKnownFileType = sourcecode.swift; path = AppDelegate.swift; sourceTree = "<group>"; };
		A5560BF8235ABA5C004FFE72 /* SceneDelegate.swift */ = {isa = PBXFileReference; lastKnownFileType = sourcecode.swift; path = SceneDelegate.swift; sourceTree = "<group>"; };
		A5560BFA235ABA5C004FFE72 /* ViewController.swift */ = {isa = PBXFileReference; lastKnownFileType = sourcecode.swift; path = ViewController.swift; sourceTree = "<group>"; };
		A5560BFD235ABA5C004FFE72 /* Base */ = {isa = PBXFileReference; lastKnownFileType = file.storyboard; name = Base; path = Base.lproj/Main.storyboard; sourceTree = "<group>"; };
		A5560BFF235ABA70004FFE72 /* Assets.xcassets */ = {isa = PBXFileReference; lastKnownFileType = folder.assetcatalog; path = Assets.xcassets; sourceTree = "<group>"; };
		A5560C02235ABA71004FFE72 /* Base */ = {isa = PBXFileReference; lastKnownFileType = file.storyboard; name = Base; path = Base.lproj/LaunchScreen.storyboard; sourceTree = "<group>"; };
		A5560C04235ABA71004FFE72 /* Info.plist */ = {isa = PBXFileReference; lastKnownFileType = text.plist.xml; path = Info.plist; sourceTree = "<group>"; };
		A5DDD4CF235ACE5B00974328 /* MyTabbarController.swift */ = {isa = PBXFileReference; lastKnownFileType = sourcecode.swift; path = MyTabbarController.swift; sourceTree = "<group>"; };
		A5DDD4D1235AD22300974328 /* FourthViewController.swift */ = {isa = PBXFileReference; lastKnownFileType = sourcecode.swift; path = FourthViewController.swift; sourceTree = "<group>"; };
/* End PBXFileReference section */

/* Begin PBXFrameworksBuildPhase section */
		A5560BF0235ABA5C004FFE72 /* Frameworks */ = {
			isa = PBXFrameworksBuildPhase;
			buildActionMask = 2147483647;
			files = (
			);
			runOnlyForDeploymentPostprocessing = 0;
		};
/* End PBXFrameworksBuildPhase section */

/* Begin PBXGroup section */
		A5560BEA235ABA5C004FFE72 = {
			isa = PBXGroup;
			children = (
				A5DDD4CF235ACE5B00974328 /* MyTabbarController.swift */,
				A5560BF5235ABA5C004FFE72 /* MyTabbar */,
				A5560BF4235ABA5C004FFE72 /* Products */,
			);
			sourceTree = "<group>";
		};
		A5560BF4235ABA5C004FFE72 /* Products */ = {
			isa = PBXGroup;
			children = (
				A5560BF3235ABA5C004FFE72 /* MyTabbar.app */,
			);
			name = Products;
			sourceTree = "<group>";
		};
		A5560BF5235ABA5C004FFE72 /* MyTabbar */ = {
			isa = PBXGroup;
			children = (
				A5560BF6235ABA5C004FFE72 /* AppDelegate.swift */,
				A5560BF8235ABA5C004FFE72 /* SceneDelegate.swift */,
				A5560BFA235ABA5C004FFE72 /* ViewController.swift */,
				A5560BFC235ABA5C004FFE72 /* Main.storyboard */,
				A5DDD4D1235AD22300974328 /* FourthViewController.swift */,
				A5560BFF235ABA70004FFE72 /* Assets.xcassets */,
				A5560C01235ABA71004FFE72 /* LaunchScreen.storyboard */,
				A5560C04235ABA71004FFE72 /* Info.plist */,
			);
			path = MyTabbar;
			sourceTree = "<group>";
		};
/* End PBXGroup section */

/* Begin PBXNativeTarget section */
		A5560BF2235ABA5C004FFE72 /* MyTabbar */ = {
			isa = PBXNativeTarget;
			buildConfigurationList = A5560C07235ABA71004FFE72 /* Build configuration list for PBXNativeTarget "MyTabbar" */;
			buildPhases = (
				A5560BEF235ABA5C004FFE72 /* Sources */,
				A5560BF0235ABA5C004FFE72 /* Frameworks */,
				A5560BF1235ABA5C004FFE72 /* Resources */,
			);
			buildRules = (
			);
			dependencies = (
			);
			name = MyTabbar;
			productName = MyTabbar;
			productReference = A5560BF3235ABA5C004FFE72 /* MyTabbar.app */;
			productType = "com.apple.product-type.application";
		};
/* End PBXNativeTarget section */

/* Begin PBXProject section */
		A5560BEB235ABA5C004FFE72 /* Project object */ = {
			isa = PBXProject;
			attributes = {
				LastSwiftUpdateCheck = 1100;
				LastUpgradeCheck = 1100;
				ORGANIZATIONNAME = bombom;
				TargetAttributes = {
					A5560BF2235ABA5C004FFE72 = {
						CreatedOnToolsVersion = 11.0;
					};
				};
			};
			buildConfigurationList = A5560BEE235ABA5C004FFE72 /* Build configuration list for PBXProject "MyTabbar" */;
			compatibilityVersion = "Xcode 9.3";
			developmentRegion = en;
			hasScannedForEncodings = 0;
			knownRegions = (
				en,
				Base,
			);
			mainGroup = A5560BEA235ABA5C004FFE72;
			productRefGroup = A5560BF4235ABA5C004FFE72 /* Products */;
			projectDirPath = "";
			projectRoot = "";
			targets = (
				A5560BF2235ABA5C004FFE72 /* MyTabbar */,
			);
		};
/* End PBXProject section */

/* Begin PBXResourcesBuildPhase section */
		A5560BF1235ABA5C004FFE72 /* Resources */ = {
			isa = PBXResourcesBuildPhase;
			buildActionMask = 2147483647;
			files = (
				A5560C03235ABA71004FFE72 /* LaunchScreen.storyboard in Resources */,
				A5560C00235ABA70004FFE72 /* Assets.xcassets in Resources */,
				A5560BFE235ABA5C004FFE72 /* Main.storyboard in Resources */,
			);
			runOnlyForDeploymentPostprocessing = 0;
		};
/* End PBXResourcesBuildPhase section */

/* Begin PBXSourcesBuildPhase section */
		A5560BEF235ABA5C004FFE72 /* Sources */ = {
			isa = PBXSourcesBuildPhase;
			buildActionMask = 2147483647;
			files = (
				A5560BFB235ABA5C004FFE72 /* ViewController.swift in Sources */,
				A5DDD4D0235ACE5B00974328 /* MyTabbarController.swift in Sources */,
				A5560BF7235ABA5C004FFE72 /* AppDelegate.swift in Sources */,
				A5560BF9235ABA5C004FFE72 /* SceneDelegate.swift in Sources */,
				A5DDD4D2235AD22300974328 /* FourthViewController.swift in Sources */,
			);
			runOnlyForDeploymentPostprocessing = 0;
		};
/* End PBXSourcesBuildPhase section */

/* Begin PBXVariantGroup section */
		A5560BFC235ABA5C004FFE72 /* Main.storyboard */ = {
			isa = PBXVariantGroup;
			children = (
				A5560BFD235ABA5C004FFE72 /* Base */,
			);
			name = Main.storyboard;
			sourceTree = "<group>";
		};
		A5560C01235ABA71004FFE72 /* LaunchScreen.storyboard */ = {
			isa = PBXVariantGroup;
			children = (
				A5560C02235ABA71004FFE72 /* Base */,
			);
			name = LaunchScreen.storyboard;
			sourceTree = "<group>";
		};
/* End PBXVariantGroup section */

/* Begin XCBuildConfiguration section */
		A5560C05235ABA71004FFE72 /* Debug */ = {
			isa = XCBuildConfiguration;
			buildSettings = {
				ALWAYS_SEARCH_USER_PATHS = NO;
				CLANG_ANALYZER_NONNULL = YES;
				CLANG_ANALYZER_NUMBER_OBJECT_CONVERSION = YES_AGGRESSIVE;
				CLANG_CXX_LANGUAGE_STANDARD = "gnu++14";
				CLANG_CXX_LIBRARY = "libc++";
				CLANG_ENABLE_MODULES = YES;
				CLANG_ENABLE_OBJC_ARC = YES;
				CLANG_ENABLE_OBJC_WEAK = YES;
				CLANG_WARN_BLOCK_CAPTURE_AUTORELEASING = YES;
				CLANG_WARN_BOOL_CONVERSION = YES;
				CLANG_WARN_COMMA = YES;
				CLANG_WARN_CONSTANT_CONVERSION = YES;
				CLANG_WARN_DEPRECATED_OBJC_IMPLEMENTATIONS = YES;
				CLANG_WARN_DIRECT_OBJC_ISA_USAGE = YES_ERROR;
				CLANG_WARN_DOCUMENTATION_COMMENTS = YES;
				CLANG_WARN_EMPTY_BODY = YES;
				CLANG_WARN_ENUM_CONVERSION = YES;
				CLANG_WARN_INFINITE_RECURSION = YES;
				CLANG_WARN_INT_CONVERSION = YES;
				CLANG_WARN_NON_LITERAL_NULL_CONVERSION = YES;
				CLANG_WARN_OBJC_IMPLICIT_RETAIN_SELF = YES;
				CLANG_WARN_OBJC_LITERAL_CONVERSION = YES;
				CLANG_WARN_OBJC_ROOT_CLASS = YES_ERROR;
				CLANG_WARN_RANGE_LOOP_ANALYSIS = YES;
				CLANG_WARN_STRICT_PROTOTYPES = YES;
				CLANG_WARN_SUSPICIOUS_MOVE = YES;
				CLANG_WARN_UNGUARDED_AVAILABILITY = YES_AGGRESSIVE;
				CLANG_WARN_UNREACHABLE_CODE = YES;
				CLANG_WARN__DUPLICATE_METHOD_MATCH = YES;
				COPY_PHASE_STRIP = NO;
				DEBUG_INFORMATION_FORMAT = dwarf;
				ENABLE_STRICT_OBJC_MSGSEND = YES;
				ENABLE_TESTABILITY = YES;
				GCC_C_LANGUAGE_STANDARD = gnu11;
				GCC_DYNAMIC_NO_PIC = NO;
				GCC_NO_COMMON_BLOCKS = YES;
				GCC_OPTIMIZATION_LEVEL = 0;
				GCC_PREPROCESSOR_DEFINITIONS = (
					"DEBUG=1",
					"$(inherited)",
				);
				GCC_WARN_64_TO_32_BIT_CONVERSION = YES;
				GCC_WARN_ABOUT_RETURN_TYPE = YES_ERROR;
				GCC_WARN_UNDECLARED_SELECTOR = YES;
				GCC_WARN_UNINITIALIZED_AUTOS = YES_AGGRESSIVE;
				GCC_WARN_UNUSED_FUNCTION = YES;
				GCC_WARN_UNUSED_VARIABLE = YES;
				IPHONEOS_DEPLOYMENT_TARGET = 13.0;
				MTL_ENABLE_DEBUG_INFO = INCLUDE_SOURCE;
				MTL_FAST_MATH = YES;
				ONLY_ACTIVE_ARCH = YES;
				SDKROOT = iphoneos;
				SWIFT_ACTIVE_COMPILATION_CONDITIONS = DEBUG;
				SWIFT_OPTIMIZATION_LEVEL = "-Onone";
			};
			name = Debug;
		};
		A5560C06235ABA71004FFE72 /* Release */ = {
			isa = XCBuildConfiguration;
			buildSettings = {
				ALWAYS_SEARCH_USER_PATHS = NO;
				CLANG_ANALYZER_NONNULL = YES;
				CLANG_ANALYZER_NUMBER_OBJECT_CONVERSION = YES_AGGRESSIVE;
				CLANG_CXX_LANGUAGE_STANDARD = "gnu++14";
				CLANG_CXX_LIBRARY = "libc++";
				CLANG_ENABLE_MODULES = YES;
				CLANG_ENABLE_OBJC_ARC = YES;
				CLANG_ENABLE_OBJC_WEAK = YES;
				CLANG_WARN_BLOCK_CAPTURE_AUTORELEASING = YES;
				CLANG_WARN_BOOL_CONVERSION = YES;
				CLANG_WARN_COMMA = YES;
				CLANG_WARN_CONSTANT_CONVERSION = YES;
				CLANG_WARN_DEPRECATED_OBJC_IMPLEMENTATIONS = YES;
				CLANG_WARN_DIRECT_OBJC_ISA_USAGE = YES_ERROR;
				CLANG_WARN_DOCUMENTATION_COMMENTS = YES;
				CLANG_WARN_EMPTY_BODY = YES;
				CLANG_WARN_ENUM_CONVERSION = YES;
				CLANG_WARN_INFINITE_RECURSION = YES;
				CLANG_WARN_INT_CONVERSION = YES;
				CLANG_WARN_NON_LITERAL_NULL_CONVERSION = YES;
				CLANG_WARN_OBJC_IMPLICIT_RETAIN_SELF = YES;
				CLANG_WARN_OBJC_LITERAL_CONVERSION = YES;
				CLANG_WARN_OBJC_ROOT_CLASS = YES_ERROR;
				CLANG_WARN_RANGE_LOOP_ANALYSIS = YES;
				CLANG_WARN_STRICT_PROTOTYPES = YES;
				CLANG_WARN_SUSPICIOUS_MOVE = YES;
				CLANG_WARN_UNGUARDED_AVAILABILITY = YES_AGGRESSIVE;
				CLANG_WARN_UNREACHABLE_CODE = YES;
				CLANG_WARN__DUPLICATE_METHOD_MATCH = YES;
				COPY_PHASE_STRIP = NO;
				DEBUG_INFORMATION_FORMAT = "dwarf-with-dsym";
				ENABLE_NS_ASSERTIONS = NO;
				ENABLE_STRICT_OBJC_MSGSEND = YES;
				GCC_C_LANGUAGE_STANDARD = gnu11;
				GCC_NO_COMMON_BLOCKS = YES;
				GCC_WARN_64_TO_32_BIT_CONVERSION = YES;
				GCC_WARN_ABOUT_RETURN_TYPE = YES_ERROR;
				GCC_WARN_UNDECLARED_SELECTOR = YES;
				GCC_WARN_UNINITIALIZED_AUTOS = YES_AGGRESSIVE;
				GCC_WARN_UNUSED_FUNCTION = YES;
				GCC_WARN_UNUSED_VARIABLE = YES;
				IPHONEOS_DEPLOYMENT_TARGET = 13.0;
				MTL_ENABLE_DEBUG_INFO = NO;
				MTL_FAST_MATH = YES;
				SDKROOT = iphoneos;
				SWIFT_COMPILATION_MODE = wholemodule;
				SWIFT_OPTIMIZATION_LEVEL = "-O";
				VALIDATE_PRODUCT = YES;
			};
			name = Release;
		};
		A5560C08235ABA71004FFE72 /* Debug */ = {
			isa = XCBuildConfiguration;
			buildSettings = {
				ASSETCATALOG_COMPILER_APPICON_NAME = AppIcon;
				CODE_SIGN_STYLE = Automatic;
				INFOPLIST_FILE = MyTabbar/Info.plist;
				LD_RUNPATH_SEARCH_PATHS = (
					"$(inherited)",
					"@executable_path/Frameworks",
				);
				PRODUCT_BUNDLE_IDENTIFIER = bom.MyTabbar;
				PRODUCT_NAME = "$(TARGET_NAME)";
				SWIFT_VERSION = 5.0;
				TARGETED_DEVICE_FAMILY = "1,2";
			};
			name = Debug;
		};
		A5560C09235ABA71004FFE72 /* Release */ = {
			isa = XCBuildConfiguration;
			buildSettings = {
				ASSETCATALOG_COMPILER_APPICON_NAME = AppIcon;
				CODE_SIGN_STYLE = Automatic;
				INFOPLIST_FILE = MyTabbar/Info.plist;
				LD_RUNPATH_SEARCH_PATHS = (
					"$(inherited)",
					"@executable_path/Frameworks",
				);
				PRODUCT_BUNDLE_IDENTIFIER = bom.MyTabbar;
				PRODUCT_NAME = "$(TARGET_NAME)";
				SWIFT_VERSION = 5.0;
				TARGETED_DEVICE_FAMILY = "1,2";
			};
			name = Release;
		};
/* End XCBuildConfiguration section */

/* Begin XCConfigurationList section */
		A5560BEE235ABA5C004FFE72 /* Build configuration list for PBXProject "MyTabbar" */ = {
			isa = XCConfigurationList;
			buildConfigurations = (
				A5560C05235ABA71004FFE72 /* Debug */,
				A5560C06235ABA71004FFE72 /* Release */,
			);
			defaultConfigurationIsVisible = 0;
			defaultConfigurationName = Release;
		};
		A5560C07235ABA71004FFE72 /* Build configuration list for PBXNativeTarget "MyTabbar" */ = {
			isa = XCConfigurationList;
			buildConfigurations = (
				A5560C08235ABA71004FFE72 /* Debug */,
				A5560C09235ABA71004FFE72 /* Release */,
			);
			defaultConfigurationIsVisible = 0;
			defaultConfigurationName = Release;
		};
/* End XCConfigurationList section */
	};
	rootObject = A5560BEB235ABA5C004FFE72 /* Project object */;
}
