// !$*UTF8*$!
{
	archiveVersion = 1;
	classes = {
	};
	objectVersion = 50;
	objects = {

/* Begin PBXBuildFile section */
		3C1FA40B05CCF921E27CE9D6 /* Pods_MyAlamofireJson.framework in Frameworks */ = {isa = PBXBuildFile; fileRef = 66716B81DB0D6574F261D75D /* Pods_MyAlamofireJson.framework */; };
		A527D57823640CEA00E08477 /* AppDelegate.swift in Sources */ = {isa = PBXBuildFile; fileRef = A527D57723640CEA00E08477 /* AppDelegate.swift */; };
		A527D57A23640CEA00E08477 /* SceneDelegate.swift in Sources */ = {isa = PBXBuildFile; fileRef = A527D57923640CEA00E08477 /* SceneDelegate.swift */; };
		A527D57C23640CEA00E08477 /* ViewController.swift in Sources */ = {isa = PBXBuildFile; fileRef = A527D57B23640CEA00E08477 /* ViewController.swift */; };
		A527D57F23640CEA00E08477 /* Main.storyboard in Resources */ = {isa = PBXBuildFile; fileRef = A527D57D23640CEA00E08477 /* Main.storyboard */; };
		A527D58123640CF500E08477 /* Assets.xcassets in Resources */ = {isa = PBXBuildFile; fileRef = A527D58023640CF500E08477 /* Assets.xcassets */; };
		A527D58423640CF500E08477 /* LaunchScreen.storyboard in Resources */ = {isa = PBXBuildFile; fileRef = A527D58223640CF500E08477 /* LaunchScreen.storyboard */; };
/* End PBXBuildFile section */

/* Begin PBXFileReference section */
		66716B81DB0D6574F261D75D /* Pods_MyAlamofireJson.framework */ = {isa = PBXFileReference; explicitFileType = wrapper.framework; includeInIndex = 0; path = Pods_MyAlamofireJson.framework; sourceTree = BUILT_PRODUCTS_DIR; };
		670578E5672903DB1929D9B2 /* Pods-MyAlamofireJson.debug.xcconfig */ = {isa = PBXFileReference; includeInIndex = 1; lastKnownFileType = text.xcconfig; name = "Pods-MyAlamofireJson.debug.xcconfig"; path = "Target Support Files/Pods-MyAlamofireJson/Pods-MyAlamofireJson.debug.xcconfig"; sourceTree = "<group>"; };
		A527D57423640CEA00E08477 /* MyAlamofireJson.app */ = {isa = PBXFileReference; explicitFileType = wrapper.application; includeInIndex = 0; path = MyAlamofireJson.app; sourceTree = BUILT_PRODUCTS_DIR; };
		A527D57723640CEA00E08477 /* AppDelegate.swift */ = {isa = PBXFileReference; lastKnownFileType = sourcecode.swift; path = AppDelegate.swift; sourceTree = "<group>"; };
		A527D57923640CEA00E08477 /* SceneDelegate.swift */ = {isa = PBXFileReference; lastKnownFileType = sourcecode.swift; path = SceneDelegate.swift; sourceTree = "<group>"; };
		A527D57B23640CEA00E08477 /* ViewController.swift */ = {isa = PBXFileReference; lastKnownFileType = sourcecode.swift; path = ViewController.swift; sourceTree = "<group>"; };
		A527D57E23640CEA00E08477 /* Base */ = {isa = PBXFileReference; lastKnownFileType = file.storyboard; name = Base; path = Base.lproj/Main.storyboard; sourceTree = "<group>"; };
		A527D58023640CF500E08477 /* Assets.xcassets */ = {isa = PBXFileReference; lastKnownFileType = folder.assetcatalog; path = Assets.xcassets; sourceTree = "<group>"; };
		A527D58323640CF500E08477 /* Base */ = {isa = PBXFileReference; lastKnownFileType = file.storyboard; name = Base; path = Base.lproj/LaunchScreen.storyboard; sourceTree = "<group>"; };
		A527D58523640CF600E08477 /* Info.plist */ = {isa = PBXFileReference; lastKnownFileType = text.plist.xml; path = Info.plist; sourceTree = "<group>"; };
		CC266DD1BA27EFA6063BBB14 /* Pods-MyAlamofireJson.release.xcconfig */ = {isa = PBXFileReference; includeInIndex = 1; lastKnownFileType = text.xcconfig; name = "Pods-MyAlamofireJson.release.xcconfig"; path = "Target Support Files/Pods-MyAlamofireJson/Pods-MyAlamofireJson.release.xcconfig"; sourceTree = "<group>"; };
/* End PBXFileReference section */

/* Begin PBXFrameworksBuildPhase section */
		A527D57123640CEA00E08477 /* Frameworks */ = {
			isa = PBXFrameworksBuildPhase;
			buildActionMask = 2147483647;
			files = (
				3C1FA40B05CCF921E27CE9D6 /* Pods_MyAlamofireJson.framework in Frameworks */,
			);
			runOnlyForDeploymentPostprocessing = 0;
		};
/* End PBXFrameworksBuildPhase section */

/* Begin PBXGroup section */
		9C830435704F23BA8648E4CC /* Frameworks */ = {
			isa = PBXGroup;
			children = (
				66716B81DB0D6574F261D75D /* Pods_MyAlamofireJson.framework */,
			);
			name = Frameworks;
			sourceTree = "<group>";
		};
		A527D56B23640CEA00E08477 = {
			isa = PBXGroup;
			children = (
				A527D57623640CEA00E08477 /* MyAlamofireJson */,
				A527D57523640CEA00E08477 /* Products */,
				BDAE09C5C242DE7094FCAD8D /* Pods */,
				9C830435704F23BA8648E4CC /* Frameworks */,
			);
			sourceTree = "<group>";
		};
		A527D57523640CEA00E08477 /* Products */ = {
			isa = PBXGroup;
			children = (
				A527D57423640CEA00E08477 /* MyAlamofireJson.app */,
			);
			name = Products;
			sourceTree = "<group>";
		};
		A527D57623640CEA00E08477 /* MyAlamofireJson */ = {
			isa = PBXGroup;
			children = (
				A527D57723640CEA00E08477 /* AppDelegate.swift */,
				A527D57923640CEA00E08477 /* SceneDelegate.swift */,
				A527D57B23640CEA00E08477 /* ViewController.swift */,
				A527D57D23640CEA00E08477 /* Main.storyboard */,
				A527D58023640CF500E08477 /* Assets.xcassets */,
				A527D58223640CF500E08477 /* LaunchScreen.storyboard */,
				A527D58523640CF600E08477 /* Info.plist */,
			);
			path = MyAlamofireJson;
			sourceTree = "<group>";
		};
		BDAE09C5C242DE7094FCAD8D /* Pods */ = {
			isa = PBXGroup;
			children = (
				670578E5672903DB1929D9B2 /* Pods-MyAlamofireJson.debug.xcconfig */,
				CC266DD1BA27EFA6063BBB14 /* Pods-MyAlamofireJson.release.xcconfig */,
			);
			name = Pods;
			path = Pods;
			sourceTree = "<group>";
		};
/* End PBXGroup section */

/* Begin PBXNativeTarget section */
		A527D57323640CEA00E08477 /* MyAlamofireJson */ = {
			isa = PBXNativeTarget;
			buildConfigurationList = A527D58823640CF600E08477 /* Build configuration list for PBXNativeTarget "MyAlamofireJson" */;
			buildPhases = (
				400EAA70D747EC86CD3FC696 /* [CP] Check Pods Manifest.lock */,
				A527D57023640CEA00E08477 /* Sources */,
				A527D57123640CEA00E08477 /* Frameworks */,
				A527D57223640CEA00E08477 /* Resources */,
				F34D2C90B8766A30903B6821 /* [CP] Embed Pods Frameworks */,
			);
			buildRules = (
			);
			dependencies = (
			);
			name = MyAlamofireJson;
			productName = MyAlamofireJson;
			productReference = A527D57423640CEA00E08477 /* MyAlamofireJson.app */;
			productType = "com.apple.product-type.application";
		};
/* End PBXNativeTarget section */

/* Begin PBXProject section */
		A527D56C23640CEA00E08477 /* Project object */ = {
			isa = PBXProject;
			attributes = {
				LastSwiftUpdateCheck = 1100;
				LastUpgradeCheck = 1100;
				ORGANIZATIONNAME = bombom;
				TargetAttributes = {
					A527D57323640CEA00E08477 = {
						CreatedOnToolsVersion = 11.0;
					};
				};
			};
			buildConfigurationList = A527D56F23640CEA00E08477 /* Build configuration list for PBXProject "MyAlamofireJson" */;
			compatibilityVersion = "Xcode 9.3";
			developmentRegion = en;
			hasScannedForEncodings = 0;
			knownRegions = (
				en,
				Base,
			);
			mainGroup = A527D56B23640CEA00E08477;
			productRefGroup = A527D57523640CEA00E08477 /* Products */;
			projectDirPath = "";
			projectRoot = "";
			targets = (
				A527D57323640CEA00E08477 /* MyAlamofireJson */,
			);
		};
/* End PBXProject section */

/* Begin PBXResourcesBuildPhase section */
		A527D57223640CEA00E08477 /* Resources */ = {
			isa = PBXResourcesBuildPhase;
			buildActionMask = 2147483647;
			files = (
				A527D58423640CF500E08477 /* LaunchScreen.storyboard in Resources */,
				A527D58123640CF500E08477 /* Assets.xcassets in Resources */,
				A527D57F23640CEA00E08477 /* Main.storyboard in Resources */,
			);
			runOnlyForDeploymentPostprocessing = 0;
		};
/* End PBXResourcesBuildPhase section */

/* Begin PBXShellScriptBuildPhase section */
		400EAA70D747EC86CD3FC696 /* [CP] Check Pods Manifest.lock */ = {
			isa = PBXShellScriptBuildPhase;
			buildActionMask = 2147483647;
			files = (
			);
			inputFileListPaths = (
			);
			inputPaths = (
				"${PODS_PODFILE_DIR_PATH}/Podfile.lock",
				"${PODS_ROOT}/Manifest.lock",
			);
			name = "[CP] Check Pods Manifest.lock";
			outputFileListPaths = (
			);
			outputPaths = (
				"$(DERIVED_FILE_DIR)/Pods-MyAlamofireJson-checkManifestLockResult.txt",
			);
			runOnlyForDeploymentPostprocessing = 0;
			shellPath = /bin/sh;
			shellScript = "diff \"${PODS_PODFILE_DIR_PATH}/Podfile.lock\" \"${PODS_ROOT}/Manifest.lock\" > /dev/null\nif [ $? != 0 ] ; then\n    # print error to STDERR\n    echo \"error: The sandbox is not in sync with the Podfile.lock. Run 'pod install' or update your CocoaPods installation.\" >&2\n    exit 1\nfi\n# This output is used by Xcode 'outputs' to avoid re-running this script phase.\necho \"SUCCESS\" > \"${SCRIPT_OUTPUT_FILE_0}\"\n";
			showEnvVarsInLog = 0;
		};
		F34D2C90B8766A30903B6821 /* [CP] Embed Pods Frameworks */ = {
			isa = PBXShellScriptBuildPhase;
			buildActionMask = 2147483647;
			files = (
			);
			inputFileListPaths = (
				"${PODS_ROOT}/Target Support Files/Pods-MyAlamofireJson/Pods-MyAlamofireJson-frameworks-${CONFIGURATION}-input-files.xcfilelist",
			);
			name = "[CP] Embed Pods Frameworks";
			outputFileListPaths = (
				"${PODS_ROOT}/Target Support Files/Pods-MyAlamofireJson/Pods-MyAlamofireJson-frameworks-${CONFIGURATION}-output-files.xcfilelist",
			);
			runOnlyForDeploymentPostprocessing = 0;
			shellPath = /bin/sh;
			shellScript = "\"${PODS_ROOT}/Target Support Files/Pods-MyAlamofireJson/Pods-MyAlamofireJson-frameworks.sh\"\n";
			showEnvVarsInLog = 0;
		};
/* End PBXShellScriptBuildPhase section */

/* Begin PBXSourcesBuildPhase section */
		A527D57023640CEA00E08477 /* Sources */ = {
			isa = PBXSourcesBuildPhase;
			buildActionMask = 2147483647;
			files = (
				A527D57C23640CEA00E08477 /* ViewController.swift in Sources */,
				A527D57823640CEA00E08477 /* AppDelegate.swift in Sources */,
				A527D57A23640CEA00E08477 /* SceneDelegate.swift in Sources */,
			);
			runOnlyForDeploymentPostprocessing = 0;
		};
/* End PBXSourcesBuildPhase section */

/* Begin PBXVariantGroup section */
		A527D57D23640CEA00E08477 /* Main.storyboard */ = {
			isa = PBXVariantGroup;
			children = (
				A527D57E23640CEA00E08477 /* Base */,
			);
			name = Main.storyboard;
			sourceTree = "<group>";
		};
		A527D58223640CF500E08477 /* LaunchScreen.storyboard */ = {
			isa = PBXVariantGroup;
			children = (
				A527D58323640CF500E08477 /* Base */,
			);
			name = LaunchScreen.storyboard;
			sourceTree = "<group>";
		};
/* End PBXVariantGroup section */

/* Begin XCBuildConfiguration section */
		A527D58623640CF600E08477 /* Debug */ = {
			isa = XCBuildConfiguration;
			buildSettings = {
				ALWAYS_SEARCH_USER_PATHS = NO;
				CLANG_ANALYZER_NONNULL = YES;
				CLANG_ANALYZER_NUMBER_OBJECT_CONVERSION = YES_AGGRESSIVE;
				CLANG_CXX_LANGUAGE_STANDARD = "gnu++14";
				CLANG_CXX_LIBRARY = "libc++";
				CLANG_ENABLE_MODULES = YES;
				CLANG_ENABLE_OBJC_ARC = YES;
				CLANG_ENABLE_OBJC_WEAK = YES;
				CLANG_WARN_BLOCK_CAPTURE_AUTORELEASING = YES;
				CLANG_WARN_BOOL_CONVERSION = YES;
				CLANG_WARN_COMMA = YES;
				CLANG_WARN_CONSTANT_CONVERSION = YES;
				CLANG_WARN_DEPRECATED_OBJC_IMPLEMENTATIONS = YES;
				CLANG_WARN_DIRECT_OBJC_ISA_USAGE = YES_ERROR;
				CLANG_WARN_DOCUMENTATION_COMMENTS = YES;
				CLANG_WARN_EMPTY_BODY = YES;
				CLANG_WARN_ENUM_CONVERSION = YES;
				CLANG_WARN_INFINITE_RECURSION = YES;
				CLANG_WARN_INT_CONVERSION = YES;
				CLANG_WARN_NON_LITERAL_NULL_CONVERSION = YES;
				CLANG_WARN_OBJC_IMPLICIT_RETAIN_SELF = YES;
				CLANG_WARN_OBJC_LITERAL_CONVERSION = YES;
				CLANG_WARN_OBJC_ROOT_CLASS = YES_ERROR;
				CLANG_WARN_RANGE_LOOP_ANALYSIS = YES;
				CLANG_WARN_STRICT_PROTOTYPES = YES;
				CLANG_WARN_SUSPICIOUS_MOVE = YES;
				CLANG_WARN_UNGUARDED_AVAILABILITY = YES_AGGRESSIVE;
				CLANG_WARN_UNREACHABLE_CODE = YES;
				CLANG_WARN__DUPLICATE_METHOD_MATCH = YES;
				COPY_PHASE_STRIP = NO;
				DEBUG_INFORMATION_FORMAT = dwarf;
				ENABLE_STRICT_OBJC_MSGSEND = YES;
				ENABLE_TESTABILITY = YES;
				GCC_C_LANGUAGE_STANDARD = gnu11;
				GCC_DYNAMIC_NO_PIC = NO;
				GCC_NO_COMMON_BLOCKS = YES;
				GCC_OPTIMIZATION_LEVEL = 0;
				GCC_PREPROCESSOR_DEFINITIONS = (
					"DEBUG=1",
					"$(inherited)",
				);
				GCC_WARN_64_TO_32_BIT_CONVERSION = YES;
				GCC_WARN_ABOUT_RETURN_TYPE = YES_ERROR;
				GCC_WARN_UNDECLARED_SELECTOR = YES;
				GCC_WARN_UNINITIALIZED_AUTOS = YES_AGGRESSIVE;
				GCC_WARN_UNUSED_FUNCTION = YES;
				GCC_WARN_UNUSED_VARIABLE = YES;
				IPHONEOS_DEPLOYMENT_TARGET = 13.0;
				MTL_ENABLE_DEBUG_INFO = INCLUDE_SOURCE;
				MTL_FAST_MATH = YES;
				ONLY_ACTIVE_ARCH = YES;
				SDKROOT = iphoneos;
				SWIFT_ACTIVE_COMPILATION_CONDITIONS = DEBUG;
				SWIFT_OPTIMIZATION_LEVEL = "-Onone";
			};
			name = Debug;
		};
		A527D58723640CF600E08477 /* Release */ = {
			isa = XCBuildConfiguration;
			buildSettings = {
				ALWAYS_SEARCH_USER_PATHS = NO;
				CLANG_ANALYZER_NONNULL = YES;
				CLANG_ANALYZER_NUMBER_OBJECT_CONVERSION = YES_AGGRESSIVE;
				CLANG_CXX_LANGUAGE_STANDARD = "gnu++14";
				CLANG_CXX_LIBRARY = "libc++";
				CLANG_ENABLE_MODULES = YES;
				CLANG_ENABLE_OBJC_ARC = YES;
				CLANG_ENABLE_OBJC_WEAK = YES;
				CLANG_WARN_BLOCK_CAPTURE_AUTORELEASING = YES;
				CLANG_WARN_BOOL_CONVERSION = YES;
				CLANG_WARN_COMMA = YES;
				CLANG_WARN_CONSTANT_CONVERSION = YES;
				CLANG_WARN_DEPRECATED_OBJC_IMPLEMENTATIONS = YES;
				CLANG_WARN_DIRECT_OBJC_ISA_USAGE = YES_ERROR;
				CLANG_WARN_DOCUMENTATION_COMMENTS = YES;
				CLANG_WARN_EMPTY_BODY = YES;
				CLANG_WARN_ENUM_CONVERSION = YES;
				CLANG_WARN_INFINITE_RECURSION = YES;
				CLANG_WARN_INT_CONVERSION = YES;
				CLANG_WARN_NON_LITERAL_NULL_CONVERSION = YES;
				CLANG_WARN_OBJC_IMPLICIT_RETAIN_SELF = YES;
				CLANG_WARN_OBJC_LITERAL_CONVERSION = YES;
				CLANG_WARN_OBJC_ROOT_CLASS = YES_ERROR;
				CLANG_WARN_RANGE_LOOP_ANALYSIS = YES;
				CLANG_WARN_STRICT_PROTOTYPES = YES;
				CLANG_WARN_SUSPICIOUS_MOVE = YES;
				CLANG_WARN_UNGUARDED_AVAILABILITY = YES_AGGRESSIVE;
				CLANG_WARN_UNREACHABLE_CODE = YES;
				CLANG_WARN__DUPLICATE_METHOD_MATCH = YES;
				COPY_PHASE_STRIP = NO;
				DEBUG_INFORMATION_FORMAT = "dwarf-with-dsym";
				ENABLE_NS_ASSERTIONS = NO;
				ENABLE_STRICT_OBJC_MSGSEND = YES;
				GCC_C_LANGUAGE_STANDARD = gnu11;
				GCC_NO_COMMON_BLOCKS = YES;
				GCC_WARN_64_TO_32_BIT_CONVERSION = YES;
				GCC_WARN_ABOUT_RETURN_TYPE = YES_ERROR;
				GCC_WARN_UNDECLARED_SELECTOR = YES;
				GCC_WARN_UNINITIALIZED_AUTOS = YES_AGGRESSIVE;
				GCC_WARN_UNUSED_FUNCTION = YES;
				GCC_WARN_UNUSED_VARIABLE = YES;
				IPHONEOS_DEPLOYMENT_TARGET = 13.0;
				MTL_ENABLE_DEBUG_INFO = NO;
				MTL_FAST_MATH = YES;
				SDKROOT = iphoneos;
				SWIFT_COMPILATION_MODE = wholemodule;
				SWIFT_OPTIMIZATION_LEVEL = "-O";
				VALIDATE_PRODUCT = YES;
			};
			name = Release;
		};
		A527D58923640CF600E08477 /* Debug */ = {
			isa = XCBuildConfiguration;
			baseConfigurationReference = 670578E5672903DB1929D9B2 /* Pods-MyAlamofireJson.debug.xcconfig */;
			buildSettings = {
				ASSETCATALOG_COMPILER_APPICON_NAME = AppIcon;
				CODE_SIGN_STYLE = Automatic;
				INFOPLIST_FILE = MyAlamofireJson/Info.plist;
				LD_RUNPATH_SEARCH_PATHS = (
					"$(inherited)",
					"@executable_path/Frameworks",
				);
				PRODUCT_BUNDLE_IDENTIFIER = bom.MyAlamofireJson;
				PRODUCT_NAME = "$(TARGET_NAME)";
				SWIFT_VERSION = 5.0;
				TARGETED_DEVICE_FAMILY = "1,2";
			};
			name = Debug;
		};
		A527D58A23640CF600E08477 /* Release */ = {
			isa = XCBuildConfiguration;
			baseConfigurationReference = CC266DD1BA27EFA6063BBB14 /* Pods-MyAlamofireJson.release.xcconfig */;
			buildSettings = {
				ASSETCATALOG_COMPILER_APPICON_NAME = AppIcon;
				CODE_SIGN_STYLE = Automatic;
				INFOPLIST_FILE = MyAlamofireJson/Info.plist;
				LD_RUNPATH_SEARCH_PATHS = (
					"$(inherited)",
					"@executable_path/Frameworks",
				);
				PRODUCT_BUNDLE_IDENTIFIER = bom.MyAlamofireJson;
				PRODUCT_NAME = "$(TARGET_NAME)";
				SWIFT_VERSION = 5.0;
				TARGETED_DEVICE_FAMILY = "1,2";
			};
			name = Release;
		};
/* End XCBuildConfiguration section */

/* Begin XCConfigurationList section */
		A527D56F23640CEA00E08477 /* Build configuration list for PBXProject "MyAlamofireJson" */ = {
			isa = XCConfigurationList;
			buildConfigurations = (
				A527D58623640CF600E08477 /* Debug */,
				A527D58723640CF600E08477 /* Release */,
			);
			defaultConfigurationIsVisible = 0;
			defaultConfigurationName = Release;
		};
		A527D58823640CF600E08477 /* Build configuration list for PBXNativeTarget "MyAlamofireJson" */ = {
			isa = XCConfigurationList;
			buildConfigurations = (
				A527D58923640CF600E08477 /* Debug */,
				A527D58A23640CF600E08477 /* Release */,
			);
			defaultConfigurationIsVisible = 0;
			defaultConfigurationName = Release;
		};
/* End XCConfigurationList section */
	};
	rootObject = A527D56C23640CEA00E08477 /* Project object */;
}
