// !$*UTF8*$!
{
	archiveVersion = 1;
	classes = {
	};
	objectVersion = 50;
	objects = {

/* Begin PBXBuildFile section */
		A5560BE7235AA074004FFE72 /* SecondViewController.swift in Sources */ = {isa = PBXBuildFile; fileRef = A5560BE6235AA074004FFE72 /* SecondViewController.swift */; };
		A5560BE9235AA0AC004FFE72 /* ThirdViewController.swift in Sources */ = {isa = PBXBuildFile; fileRef = A5560BE8235AA0AC004FFE72 /* ThirdViewController.swift */; };
		A57E72702352FE93007B28DE /* AppDelegate.swift in Sources */ = {isa = PBXBuildFile; fileRef = A57E726F2352FE93007B28DE /* AppDelegate.swift */; };
		A57E72722352FE93007B28DE /* SceneDelegate.swift in Sources */ = {isa = PBXBuildFile; fileRef = A57E72712352FE93007B28DE /* SceneDelegate.swift */; };
		A57E72742352FE93007B28DE /* ViewController.swift in Sources */ = {isa = PBXBuildFile; fileRef = A57E72732352FE93007B28DE /* ViewController.swift */; };
		A57E72772352FE93007B28DE /* Main.storyboard in Resources */ = {isa = PBXBuildFile; fileRef = A57E72752352FE93007B28DE /* Main.storyboard */; };
		A57E72792352FE96007B28DE /* Assets.xcassets in Resources */ = {isa = PBXBuildFile; fileRef = A57E72782352FE96007B28DE /* Assets.xcassets */; };
		A57E727C2352FE96007B28DE /* LaunchScreen.storyboard in Resources */ = {isa = PBXBuildFile; fileRef = A57E727A2352FE96007B28DE /* LaunchScreen.storyboard */; };
/* End PBXBuildFile section */

/* Begin PBXFileReference section */
		A5560BE6235AA074004FFE72 /* SecondViewController.swift */ = {isa = PBXFileReference; lastKnownFileType = sourcecode.swift; path = SecondViewController.swift; sourceTree = "<group>"; };
		A5560BE8235AA0AC004FFE72 /* ThirdViewController.swift */ = {isa = PBXFileReference; lastKnownFileType = sourcecode.swift; path = ThirdViewController.swift; sourceTree = "<group>"; };
		A57E726C2352FE93007B28DE /* MyViewStruct.app */ = {isa = PBXFileReference; explicitFileType = wrapper.application; includeInIndex = 0; path = MyViewStruct.app; sourceTree = BUILT_PRODUCTS_DIR; };
		A57E726F2352FE93007B28DE /* AppDelegate.swift */ = {isa = PBXFileReference; lastKnownFileType = sourcecode.swift; path = AppDelegate.swift; sourceTree = "<group>"; };
		A57E72712352FE93007B28DE /* SceneDelegate.swift */ = {isa = PBXFileReference; lastKnownFileType = sourcecode.swift; path = SceneDelegate.swift; sourceTree = "<group>"; };
		A57E72732352FE93007B28DE /* ViewController.swift */ = {isa = PBXFileReference; lastKnownFileType = sourcecode.swift; path = ViewController.swift; sourceTree = "<group>"; };
		A57E72762352FE93007B28DE /* Base */ = {isa = PBXFileReference; lastKnownFileType = file.storyboard; name = Base; path = Base.lproj/Main.storyboard; sourceTree = "<group>"; };
		A57E72782352FE96007B28DE /* Assets.xcassets */ = {isa = PBXFileReference; lastKnownFileType = folder.assetcatalog; path = Assets.xcassets; sourceTree = "<group>"; };
		A57E727B2352FE96007B28DE /* Base */ = {isa = PBXFileReference; lastKnownFileType = file.storyboard; name = Base; path = Base.lproj/LaunchScreen.storyboard; sourceTree = "<group>"; };
		A57E727D2352FE96007B28DE /* Info.plist */ = {isa = PBXFileReference; lastKnownFileType = text.plist.xml; path = Info.plist; sourceTree = "<group>"; };
/* End PBXFileReference section */

/* Begin PBXFrameworksBuildPhase section */
		A57E72692352FE93007B28DE /* Frameworks */ = {
			isa = PBXFrameworksBuildPhase;
			buildActionMask = 2147483647;
			files = (
			);
			runOnlyForDeploymentPostprocessing = 0;
		};
/* End PBXFrameworksBuildPhase section */

/* Begin PBXGroup section */
		A57E72632352FE93007B28DE = {
			isa = PBXGroup;
			children = (
				A57E726E2352FE93007B28DE /* MyViewStruct */,
				A57E726D2352FE93007B28DE /* Products */,
			);
			sourceTree = "<group>";
		};
		A57E726D2352FE93007B28DE /* Products */ = {
			isa = PBXGroup;
			children = (
				A57E726C2352FE93007B28DE /* MyViewStruct.app */,
			);
			name = Products;
			sourceTree = "<group>";
		};
		A57E726E2352FE93007B28DE /* MyViewStruct */ = {
			isa = PBXGroup;
			children = (
				A57E726F2352FE93007B28DE /* AppDelegate.swift */,
				A57E72712352FE93007B28DE /* SceneDelegate.swift */,
				A57E72732352FE93007B28DE /* ViewController.swift */,
				A57E72752352FE93007B28DE /* Main.storyboard */,
				A5560BE6235AA074004FFE72 /* SecondViewController.swift */,
				A5560BE8235AA0AC004FFE72 /* ThirdViewController.swift */,
				A57E72782352FE96007B28DE /* Assets.xcassets */,
				A57E727A2352FE96007B28DE /* LaunchScreen.storyboard */,
				A57E727D2352FE96007B28DE /* Info.plist */,
			);
			path = MyViewStruct;
			sourceTree = "<group>";
		};
/* End PBXGroup section */

/* Begin PBXNativeTarget section */
		A57E726B2352FE93007B28DE /* MyViewStruct */ = {
			isa = PBXNativeTarget;
			buildConfigurationList = A57E72802352FE96007B28DE /* Build configuration list for PBXNativeTarget "MyViewStruct" */;
			buildPhases = (
				A57E72682352FE93007B28DE /* Sources */,
				A57E72692352FE93007B28DE /* Frameworks */,
				A57E726A2352FE93007B28DE /* Resources */,
			);
			buildRules = (
			);
			dependencies = (
			);
			name = MyViewStruct;
			productName = MyViewStruct;
			productReference = A57E726C2352FE93007B28DE /* MyViewStruct.app */;
			productType = "com.apple.product-type.application";
		};
/* End PBXNativeTarget section */

/* Begin PBXProject section */
		A57E72642352FE93007B28DE /* Project object */ = {
			isa = PBXProject;
			attributes = {
				LastSwiftUpdateCheck = 1100;
				LastUpgradeCheck = 1100;
				ORGANIZATIONNAME = bombom;
				TargetAttributes = {
					A57E726B2352FE93007B28DE = {
						CreatedOnToolsVersion = 11.0;
					};
				};
			};
			buildConfigurationList = A57E72672352FE93007B28DE /* Build configuration list for PBXProject "MyViewStruct" */;
			compatibilityVersion = "Xcode 9.3";
			developmentRegion = en;
			hasScannedForEncodings = 0;
			knownRegions = (
				en,
				Base,
			);
			mainGroup = A57E72632352FE93007B28DE;
			productRefGroup = A57E726D2352FE93007B28DE /* Products */;
			projectDirPath = "";
			projectRoot = "";
			targets = (
				A57E726B2352FE93007B28DE /* MyViewStruct */,
			);
		};
/* End PBXProject section */

/* Begin PBXResourcesBuildPhase section */
		A57E726A2352FE93007B28DE /* Resources */ = {
			isa = PBXResourcesBuildPhase;
			buildActionMask = 2147483647;
			files = (
				A57E727C2352FE96007B28DE /* LaunchScreen.storyboard in Resources */,
				A57E72792352FE96007B28DE /* Assets.xcassets in Resources */,
				A57E72772352FE93007B28DE /* Main.storyboard in Resources */,
			);
			runOnlyForDeploymentPostprocessing = 0;
		};
/* End PBXResourcesBuildPhase section */

/* Begin PBXSourcesBuildPhase section */
		A57E72682352FE93007B28DE /* Sources */ = {
			isa = PBXSourcesBuildPhase;
			buildActionMask = 2147483647;
			files = (
				A5560BE7235AA074004FFE72 /* SecondViewController.swift in Sources */,
				A57E72742352FE93007B28DE /* ViewController.swift in Sources */,
				A5560BE9235AA0AC004FFE72 /* ThirdViewController.swift in Sources */,
				A57E72702352FE93007B28DE /* AppDelegate.swift in Sources */,
				A57E72722352FE93007B28DE /* SceneDelegate.swift in Sources */,
			);
			runOnlyForDeploymentPostprocessing = 0;
		};
/* End PBXSourcesBuildPhase section */

/* Begin PBXVariantGroup section */
		A57E72752352FE93007B28DE /* Main.storyboard */ = {
			isa = PBXVariantGroup;
			children = (
				A57E72762352FE93007B28DE /* Base */,
			);
			name = Main.storyboard;
			sourceTree = "<group>";
		};
		A57E727A2352FE96007B28DE /* LaunchScreen.storyboard */ = {
			isa = PBXVariantGroup;
			children = (
				A57E727B2352FE96007B28DE /* Base */,
			);
			name = LaunchScreen.storyboard;
			sourceTree = "<group>";
		};
/* End PBXVariantGroup section */

/* Begin XCBuildConfiguration section */
		A57E727E2352FE96007B28DE /* Debug */ = {
			isa = XCBuildConfiguration;
			buildSettings = {
				ALWAYS_SEARCH_USER_PATHS = NO;
				CLANG_ANALYZER_NONNULL = YES;
				CLANG_ANALYZER_NUMBER_OBJECT_CONVERSION = YES_AGGRESSIVE;
				CLANG_CXX_LANGUAGE_STANDARD = "gnu++14";
				CLANG_CXX_LIBRARY = "libc++";
				CLANG_ENABLE_MODULES = YES;
				CLANG_ENABLE_OBJC_ARC = YES;
				CLANG_ENABLE_OBJC_WEAK = YES;
				CLANG_WARN_BLOCK_CAPTURE_AUTORELEASING = YES;
				CLANG_WARN_BOOL_CONVERSION = YES;
				CLANG_WARN_COMMA = YES;
				CLANG_WARN_CONSTANT_CONVERSION = YES;
				CLANG_WARN_DEPRECATED_OBJC_IMPLEMENTATIONS = YES;
				CLANG_WARN_DIRECT_OBJC_ISA_USAGE = YES_ERROR;
				CLANG_WARN_DOCUMENTATION_COMMENTS = YES;
				CLANG_WARN_EMPTY_BODY = YES;
				CLANG_WARN_ENUM_CONVERSION = YES;
				CLANG_WARN_INFINITE_RECURSION = YES;
				CLANG_WARN_INT_CONVERSION = YES;
				CLANG_WARN_NON_LITERAL_NULL_CONVERSION = YES;
				CLANG_WARN_OBJC_IMPLICIT_RETAIN_SELF = YES;
				CLANG_WARN_OBJC_LITERAL_CONVERSION = YES;
				CLANG_WARN_OBJC_ROOT_CLASS = YES_ERROR;
				CLANG_WARN_RANGE_LOOP_ANALYSIS = YES;
				CLANG_WARN_STRICT_PROTOTYPES = YES;
				CLANG_WARN_SUSPICIOUS_MOVE = YES;
				CLANG_WARN_UNGUARDED_AVAILABILITY = YES_AGGRESSIVE;
				CLANG_WARN_UNREACHABLE_CODE = YES;
				CLANG_WARN__DUPLICATE_METHOD_MATCH = YES;
				COPY_PHASE_STRIP = NO;
				DEBUG_INFORMATION_FORMAT = dwarf;
				ENABLE_STRICT_OBJC_MSGSEND = YES;
				ENABLE_TESTABILITY = YES;
				GCC_C_LANGUAGE_STANDARD = gnu11;
				GCC_DYNAMIC_NO_PIC = NO;
				GCC_NO_COMMON_BLOCKS = YES;
				GCC_OPTIMIZATION_LEVEL = 0;
				GCC_PREPROCESSOR_DEFINITIONS = (
					"DEBUG=1",
					"$(inherited)",
				);
				GCC_WARN_64_TO_32_BIT_CONVERSION = YES;
				GCC_WARN_ABOUT_RETURN_TYPE = YES_ERROR;
				GCC_WARN_UNDECLARED_SELECTOR = YES;
				GCC_WARN_UNINITIALIZED_AUTOS = YES_AGGRESSIVE;
				GCC_WARN_UNUSED_FUNCTION = YES;
				GCC_WARN_UNUSED_VARIABLE = YES;
				IPHONEOS_DEPLOYMENT_TARGET = 13.0;
				MTL_ENABLE_DEBUG_INFO = INCLUDE_SOURCE;
				MTL_FAST_MATH = YES;
				ONLY_ACTIVE_ARCH = YES;
				SDKROOT = iphoneos;
				SWIFT_ACTIVE_COMPILATION_CONDITIONS = DEBUG;
				SWIFT_OPTIMIZATION_LEVEL = "-Onone";
			};
			name = Debug;
		};
		A57E727F2352FE96007B28DE /* Release */ = {
			isa = XCBuildConfiguration;
			buildSettings = {
				ALWAYS_SEARCH_USER_PATHS = NO;
				CLANG_ANALYZER_NONNULL = YES;
				CLANG_ANALYZER_NUMBER_OBJECT_CONVERSION = YES_AGGRESSIVE;
				CLANG_CXX_LANGUAGE_STANDARD = "gnu++14";
				CLANG_CXX_LIBRARY = "libc++";
				CLANG_ENABLE_MODULES = YES;
				CLANG_ENABLE_OBJC_ARC = YES;
				CLANG_ENABLE_OBJC_WEAK = YES;
				CLANG_WARN_BLOCK_CAPTURE_AUTORELEASING = YES;
				CLANG_WARN_BOOL_CONVERSION = YES;
				CLANG_WARN_COMMA = YES;
				CLANG_WARN_CONSTANT_CONVERSION = YES;
				CLANG_WARN_DEPRECATED_OBJC_IMPLEMENTATIONS = YES;
				CLANG_WARN_DIRECT_OBJC_ISA_USAGE = YES_ERROR;
				CLANG_WARN_DOCUMENTATION_COMMENTS = YES;
				CLANG_WARN_EMPTY_BODY = YES;
				CLANG_WARN_ENUM_CONVERSION = YES;
				CLANG_WARN_INFINITE_RECURSION = YES;
				CLANG_WARN_INT_CONVERSION = YES;
				CLANG_WARN_NON_LITERAL_NULL_CONVERSION = YES;
				CLANG_WARN_OBJC_IMPLICIT_RETAIN_SELF = YES;
				CLANG_WARN_OBJC_LITERAL_CONVERSION = YES;
				CLANG_WARN_OBJC_ROOT_CLASS = YES_ERROR;
				CLANG_WARN_RANGE_LOOP_ANALYSIS = YES;
				CLANG_WARN_STRICT_PROTOTYPES = YES;
				CLANG_WARN_SUSPICIOUS_MOVE = YES;
				CLANG_WARN_UNGUARDED_AVAILABILITY = YES_AGGRESSIVE;
				CLANG_WARN_UNREACHABLE_CODE = YES;
				CLANG_WARN__DUPLICATE_METHOD_MATCH = YES;
				COPY_PHASE_STRIP = NO;
				DEBUG_INFORMATION_FORMAT = "dwarf-with-dsym";
				ENABLE_NS_ASSERTIONS = NO;
				ENABLE_STRICT_OBJC_MSGSEND = YES;
				GCC_C_LANGUAGE_STANDARD = gnu11;
				GCC_NO_COMMON_BLOCKS = YES;
				GCC_WARN_64_TO_32_BIT_CONVERSION = YES;
				GCC_WARN_ABOUT_RETURN_TYPE = YES_ERROR;
				GCC_WARN_UNDECLARED_SELECTOR = YES;
				GCC_WARN_UNINITIALIZED_AUTOS = YES_AGGRESSIVE;
				GCC_WARN_UNUSED_FUNCTION = YES;
				GCC_WARN_UNUSED_VARIABLE = YES;
				IPHONEOS_DEPLOYMENT_TARGET = 13.0;
				MTL_ENABLE_DEBUG_INFO = NO;
				MTL_FAST_MATH = YES;
				SDKROOT = iphoneos;
				SWIFT_COMPILATION_MODE = wholemodule;
				SWIFT_OPTIMIZATION_LEVEL = "-O";
				VALIDATE_PRODUCT = YES;
			};
			name = Release;
		};
		A57E72812352FE96007B28DE /* Debug */ = {
			isa = XCBuildConfiguration;
			buildSettings = {
				ASSETCATALOG_COMPILER_APPICON_NAME = AppIcon;
				CODE_SIGN_STYLE = Automatic;
				INFOPLIST_FILE = MyViewStruct/Info.plist;
				LD_RUNPATH_SEARCH_PATHS = (
					"$(inherited)",
					"@executable_path/Frameworks",
				);
				PRODUCT_BUNDLE_IDENTIFIER = bom.MyViewStruct;
				PRODUCT_NAME = "$(TARGET_NAME)";
				SWIFT_VERSION = 5.0;
				TARGETED_DEVICE_FAMILY = "1,2";
			};
			name = Debug;
		};
		A57E72822352FE96007B28DE /* Release */ = {
			isa = XCBuildConfiguration;
			buildSettings = {
				ASSETCATALOG_COMPILER_APPICON_NAME = AppIcon;
				CODE_SIGN_STYLE = Automatic;
				INFOPLIST_FILE = MyViewStruct/Info.plist;
				LD_RUNPATH_SEARCH_PATHS = (
					"$(inherited)",
					"@executable_path/Frameworks",
				);
				PRODUCT_BUNDLE_IDENTIFIER = bom.MyViewStruct;
				PRODUCT_NAME = "$(TARGET_NAME)";
				SWIFT_VERSION = 5.0;
				TARGETED_DEVICE_FAMILY = "1,2";
			};
			name = Release;
		};
/* End XCBuildConfiguration section */

/* Begin XCConfigurationList section */
		A57E72672352FE93007B28DE /* Build configuration list for PBXProject "MyViewStruct" */ = {
			isa = XCConfigurationList;
			buildConfigurations = (
				A57E727E2352FE96007B28DE /* Debug */,
				A57E727F2352FE96007B28DE /* Release */,
			);
			defaultConfigurationIsVisible = 0;
			defaultConfigurationName = Release;
		};
		A57E72802352FE96007B28DE /* Build configuration list for PBXNativeTarget "MyViewStruct" */ = {
			isa = XCConfigurationList;
			buildConfigurations = (
				A57E72812352FE96007B28DE /* Debug */,
				A57E72822352FE96007B28DE /* Release */,
			);
			defaultConfigurationIsVisible = 0;
			defaultConfigurationName = Release;
		};
/* End XCConfigurationList section */
	};
	rootObject = A57E72642352FE93007B28DE /* Project object */;
}
